
Microsoft Visual Studio Solution File, Format Version 12.00
# Visual Studio 15
VisualStudioVersion = 15.0.27703.2042
MinimumVisualStudioVersion = 10.0.40219.1
Project("{FAE04EC0-301F-11D3-BF4B-00C04F79EFBC}") = "TestApp", "TestApp\TestApp.csproj", "{AACE4464-69E9-47F5-89B7-66C33E43914E}"
EndProject
Global
	GlobalSection(SolutionConfigurationPlatforms) = preSolution
		Debug|Any CPU = Debug|Any CPU
		Release|Any CPU = Release|Any CPU
	EndGlobalSection
	GlobalSection(ProjectConfigurationPlatforms) = postSolution
		{AACE4464-69E9-47F5-89B7-66C33E43914E}.Debug|Any CPU.ActiveCfg = Debug|Any CPU
		{AACE4464-69E9-47F5-89B7-66C33E43914E}.Debug|Any CPU.Build.0 = Debug|Any CPU
		{AACE4464-69E9-47F5-89B7-66C33E43914E}.Release|Any CPU.ActiveCfg = Release|Any CPU
		{AACE4464-69E9-47F5-89B7-66C33E43914E}.Release|Any CPU.Build.0 = Release|Any CPU
	EndGlobalSection
	GlobalSection(SolutionProperties) = preSolution
		HideSolutionNode = FALSE
	EndGlobalSection
	GlobalSection(ExtensibilityGlobals) = postSolution
		SolutionGuid = {4FBACC0E-E8AA-452F-9B9A-938E4FB21110}
	EndGlobalSection
EndGlobal
